
Microsoft Visual Studio Solution File, Format Version 12.00
# Visual Studio Version 17
VisualStudioVersion = 17.4.33205.214
MinimumVisualStudioVersion = 10.0.40219.1
Project("{FAE04EC0-301F-11D3-BF4B-00C04F79EFBC}") = "Template Design Pattern", "Template Design Pattern\Template Design Pattern.csproj", "{5D000B02-7569-4BDF-8073-A54BB601352B}"
EndProject
Global
	GlobalSection(SolutionConfigurationPlatforms) = preSolution
		Debug|Any CPU = Debug|Any CPU
		Release|Any CPU = Release|Any CPU
	EndGlobalSection
	GlobalSection(ProjectConfigurationPlatforms) = postSolution
		{5D000B02-7569-4BDF-8073-A54BB601352B}.Debug|Any CPU.ActiveCfg = Debug|Any CPU
		{5D000B02-7569-4BDF-8073-A54BB601352B}.Debug|Any CPU.Build.0 = Debug|Any CPU
		{5D000B02-7569-4BDF-8073-A54BB601352B}.Release|Any CPU.ActiveCfg = Release|Any CPU
		{5D000B02-7569-4BDF-8073-A54BB601352B}.Release|Any CPU.Build.0 = Release|Any CPU
	EndGlobalSection
	GlobalSection(SolutionProperties) = preSolution
		HideSolutionNode = FALSE
	EndGlobalSection
	GlobalSection(ExtensibilityGlobals) = postSolution
		SolutionGuid = {4382BF57-3A61-4C07-BE21-6945900120D1}
	EndGlobalSection
EndGlobal
